
Microsoft Visual Studio Solution File, Format Version 12.00
# Visual Studio 15
Project("{FAE04EC0-301F-11D3-BF4B-00C04F79EFBC}") = "OxbridgeApp.Android", "OxbridgeApp.Android\OxbridgeApp.Android.csproj", "{CD488543-6E80-4304-875E-A58F6CE3AA68}"
EndProject
Project("{FAE04EC0-301F-11D3-BF4B-00C04F79EFBC}") = "OxbridgeApp.iOS", "OxbridgeApp.iOS\OxbridgeApp.iOS.csproj", "{28FE524A-3BC0-4D1D-9D0F-13CD6E83E7D9}"
EndProject
Project("{FAE04EC0-301F-11D3-BF4B-00C04F79EFBC}") = "OxbridgeApp", "OxbridgeApp\OxbridgeApp.csproj", "{BDE81408-52BF-4ADF-B986-92D990462E84}"
EndProject
Global
	GlobalSection(SolutionConfigurationPlatforms) = preSolution
		Debug|Any CPU = Debug|Any CPU
		Release|Any CPU = Release|Any CPU
		Debug|iPhoneSimulator = Debug|iPhoneSimulator
		Release|iPhoneSimulator = Release|iPhoneSimulator
		Debug|iPhone = Debug|iPhone
		Release|iPhone = Release|iPhone
	EndGlobalSection
	GlobalSection(ProjectConfigurationPlatforms) = postSolution
		{CD488543-6E80-4304-875E-A58F6CE3AA68}.Debug|Any CPU.ActiveCfg = Debug|Any CPU
		{CD488543-6E80-4304-875E-A58F6CE3AA68}.Debug|Any CPU.Build.0 = Debug|Any CPU
		{CD488543-6E80-4304-875E-A58F6CE3AA68}.Release|Any CPU.ActiveCfg = Release|Any CPU
		{CD488543-6E80-4304-875E-A58F6CE3AA68}.Release|Any CPU.Build.0 = Release|Any CPU
		{CD488543-6E80-4304-875E-A58F6CE3AA68}.Debug|iPhoneSimulator.ActiveCfg = Debug|Any CPU
		{CD488543-6E80-4304-875E-A58F6CE3AA68}.Debug|iPhoneSimulator.Build.0 = Debug|Any CPU
		{CD488543-6E80-4304-875E-A58F6CE3AA68}.Release|iPhoneSimulator.ActiveCfg = Release|Any CPU
		{CD488543-6E80-4304-875E-A58F6CE3AA68}.Release|iPhoneSimulator.Build.0 = Release|Any CPU
		{CD488543-6E80-4304-875E-A58F6CE3AA68}.Debug|iPhone.ActiveCfg = Debug|Any CPU
		{CD488543-6E80-4304-875E-A58F6CE3AA68}.Debug|iPhone.Build.0 = Debug|Any CPU
		{CD488543-6E80-4304-875E-A58F6CE3AA68}.Release|iPhone.ActiveCfg = Release|Any CPU
		{CD488543-6E80-4304-875E-A58F6CE3AA68}.Release|iPhone.Build.0 = Release|Any CPU
		{28FE524A-3BC0-4D1D-9D0F-13CD6E83E7D9}.Debug|Any CPU.ActiveCfg = Debug|iPhoneSimulator
		{28FE524A-3BC0-4D1D-9D0F-13CD6E83E7D9}.Debug|Any CPU.Build.0 = Debug|iPhoneSimulator
		{28FE524A-3BC0-4D1D-9D0F-13CD6E83E7D9}.Release|Any CPU.ActiveCfg = Release|iPhoneSimulator
		{28FE524A-3BC0-4D1D-9D0F-13CD6E83E7D9}.Release|Any CPU.Build.0 = Release|iPhoneSimulator
		{28FE524A-3BC0-4D1D-9D0F-13CD6E83E7D9}.Debug|iPhoneSimulator.ActiveCfg = Debug|iPhoneSimulator
		{28FE524A-3BC0-4D1D-9D0F-13CD6E83E7D9}.Debug|iPhoneSimulator.Build.0 = Debug|iPhoneSimulator
		{28FE524A-3BC0-4D1D-9D0F-13CD6E83E7D9}.Release|iPhoneSimulator.ActiveCfg = Release|iPhoneSimulator
		{28FE524A-3BC0-4D1D-9D0F-13CD6E83E7D9}.Release|iPhoneSimulator.Build.0 = Release|iPhoneSimulator
		{28FE524A-3BC0-4D1D-9D0F-13CD6E83E7D9}.Debug|iPhone.ActiveCfg = Debug|iPhone
		{28FE524A-3BC0-4D1D-9D0F-13CD6E83E7D9}.Debug|iPhone.Build.0 = Debug|iPhone
		{28FE524A-3BC0-4D1D-9D0F-13CD6E83E7D9}.Release|iPhone.ActiveCfg = Release|iPhone
		{28FE524A-3BC0-4D1D-9D0F-13CD6E83E7D9}.Release|iPhone.Build.0 = Release|iPhone
		{BDE81408-52BF-4ADF-B986-92D990462E84}.Debug|Any CPU.ActiveCfg = Debug|Any CPU
		{BDE81408-52BF-4ADF-B986-92D990462E84}.Debug|Any CPU.Build.0 = Debug|Any CPU
		{BDE81408-52BF-4ADF-B986-92D990462E84}.Release|Any CPU.ActiveCfg = Release|Any CPU
		{BDE81408-52BF-4ADF-B986-92D990462E84}.Release|Any CPU.Build.0 = Release|Any CPU
		{BDE81408-52BF-4ADF-B986-92D990462E84}.Debug|iPhoneSimulator.ActiveCfg = Debug|Any CPU
		{BDE81408-52BF-4ADF-B986-92D990462E84}.Debug|iPhoneSimulator.Build.0 = Debug|Any CPU
		{BDE81408-52BF-4ADF-B986-92D990462E84}.Release|iPhoneSimulator.ActiveCfg = Release|Any CPU
		{BDE81408-52BF-4ADF-B986-92D990462E84}.Release|iPhoneSimulator.Build.0 = Release|Any CPU
		{BDE81408-52BF-4ADF-B986-92D990462E84}.Debug|iPhone.ActiveCfg = Debug|Any CPU
		{BDE81408-52BF-4ADF-B986-92D990462E84}.Debug|iPhone.Build.0 = Debug|Any CPU
		{BDE81408-52BF-4ADF-B986-92D990462E84}.Release|iPhone.ActiveCfg = Release|Any CPU
		{BDE81408-52BF-4ADF-B986-92D990462E84}.Release|iPhone.Build.0 = Release|Any CPU
	EndGlobalSection
EndGlobal
